{
  "name": "node-bridge",
  "version": "1.0.0",
  "lockfileVersion": 1,
  "requires": true,
  "dependencies": {
    "@types/eventsource": {
      "version": "1.1.5",
      "resolved": "https://registry.npmjs.org/@types/eventsource/-/eventsource-1.1.5.tgz",
      "integrity": "sha512-BA9q9uC2PAMkUS7DunHTxWZZaVpeNzDG8lkBxcKwzKJClfDQ4Z59/Csx7HSH/SIqFN2JWh0tAKAM6k/wRR0OZg=="
    },
    "@types/node": {
      "version": "10.12.18",
      "resolved": "https://registry.npmjs.org/@types/node/-/node-10.12.18.tgz",
      "integrity": "sha512-fh+pAqt4xRzPfqA6eh3Z2y6fyZavRIumvjhaCL753+TVkGKGhpPeyrJG2JftD0T9q4GF00KjefsQ+PQNDdWQaQ=="
    },
    "@types/randombytes": {
      "version": "2.0.0",
      "resolved": "https://registry.npmjs.org/@types/randombytes/-/randombytes-2.0.0.tgz",
      "integrity": "sha512-bz8PhAVlwN72vqefzxa14DKNT8jK/mV66CSjwdVQM/k3Th3EPKfUtdMniwZgMedQTFuywAsfjnZsg+pEnltaMA==",
      "requires": {
        "@types/node": "*"
      }
    },
    "@types/urijs": {
      "version": "1.19.16",
      "resolved": "https://registry.npmjs.org/@types/urijs/-/urijs-1.19.16.tgz",
      "integrity": "sha512-WgxqcUSEYijGnNWHSln/uqay+AywS3mEhLC+d2PwLsru2fLeMblvxP67Y/SCfB2Pxe+dX/zbIoNNzXY+VKOtNA=="
    },
    "aws-sdk": {
      "version": "2.242.1",
      "resolved": "https://registry.npmjs.org/aws-sdk/-/aws-sdk-2.242.1.tgz",
      "integrity": "sha1-yypdgbcLjf1kFraGrjj5wGEfCH0="
    },
    "base32.js": {
      "version": "0.1.0",
      "resolved": "https://registry.npmjs.org/base32.js/-/base32.js-0.1.0.tgz",
      "integrity": "sha1-tYLexpPC8R6JPPBk7mrFthMaIgI="
    },
    "bcryptjs": {
      "version": "2.4.3",
      "resolved": "https://registry.npmjs.org/bcryptjs/-/bcryptjs-2.4.3.tgz",
      "integrity": "sha1-mrVie5PmBiH/fNrF2pczAn3x0Ms="
    },
    "bignumber.js": {
      "version": "4.1.0",
      "resolved": "https://registry.npmjs.org/bignumber.js/-/bignumber.js-4.1.0.tgz",
      "integrity": "sha512-eJzYkFYy9L4JzXsbymsFn3p54D+llV27oTQ+ziJG7WFRheJcNZilgVXMG0LoZtlQSKBsJdWtLFqOD0u+U0jZKA=="
    },
    "bluebird": {
      "version": "3.5.1",
      "resolved": "https://registry.npmjs.org/bluebird/-/bluebird-3.5.1.tgz",
      "integrity": "sha512-MKiLiV+I1AA596t9w1sQJ8jkiSr5+ZKi0WKrYGUn6d1Fx+Ij4tIj+m2WMQSGczs5jZVxV339chE8iwk6F64wjA=="
    },
    "body-parser": {
      "version": "1.18.3",
      "resolved": "https://registry.npmjs.org/body-parser/-/body-parser-1.18.3.tgz",
      "integrity": "sha1-WykhmP/dVTs6DyDe0FkrlWlVyLQ="
    },
    "chai": {
      "version": "3.5.0",
      "resolved": "https://registry.npmjs.org/chai/-/chai-3.5.0.tgz",
      "integrity": "sha1-TQJjewZ/6Vi9v906QOxW/vc3Mkc=",
      "dev": true
    },
    "cloudant": {
      "version": "1.10.0",
      "resolved": "https://registry.npmjs.org/cloudant/-/cloudant-1.10.0.tgz",
      "integrity": "sha1-ZMmcoZEpI8T1Jh5R/Rj9Fxj5A3Q=",
      "dependencies": {
        "debug": {
          "version": "3.1.0",
          "resolved": "https://registry.npmjs.org/debug/-/debug-3.1.0.tgz",
          "integrity": "sha512-OX8XqP7/1a9cqkxYw2yXss15f26NKWBpDXQd0/uK/KPqdQhxbPa994hnzjcE2VqQpDslf55723cKPUOGSmMY3g=="
        }
      }
    },
    "cors": {
      "version": "2.8.4",
      "resolved": "https://registry.npmjs.org/cors/-/cors-2.8.4.tgz",
      "integrity": "sha1-K9OB8usgECAQXNUOpZ2mMJBpRoY="
    },
    "crc": {
      "version": "3.8.0",
      "resolved": "https://registry.npmjs.org/crc/-/crc-3.8.0.tgz",
      "integrity": "sha512-iX3mfgcTMIq3ZKLIsVFAbv7+Mc10kxabAGQb8HvjA1o3T1PIYprbakQ65d3I+2HGHt6nSKkM9PYjgoJO2KcFBQ==",
      "dependencies": {
        "buffer": {
          "version": "5.2.1",
          "resolved": "https://registry.npmjs.org/buffer/-/buffer-5.2.1.tgz",
          "integrity": "sha512-c+Ko0loDaFfuPWiL02ls9Xd3GO3cPVmUobQ6t3rXNUk304u6hGq+8N/kFi+QEIKhzK3uwolVhLzszmfLmMLnqg=="
        }
      }
    },
    "crypto": {
      "version": "0.0.3",
      "resolved": "https://registry.npmjs.org/crypto/-/crypto-0.0.3.tgz",
      "integrity": "sha1-RwqBuGvkxe4XrMggeh9TFa4g27A="
    },
    "detect-node": {
      "version": "2.0.4",
      "resolved": "https://registry.npmjs.org/detect-node/-/detect-node-2.0.4.tgz",
      "integrity": "sha512-ZIzRpLJrOj7jjP2miAtgqIfmzbxa4ZOr5jJc601zklsfEx9oTzmmj2nVpIPRpNlRTIh8lc1kyViIY7BWSGNmKw=="
    },
    "es6-promise": {
      "version": "4.2.4",
      "resolved": "https://registry.npmjs.org/es6-promise/-/es6-promise-4.2.4.tgz",
      "integrity": "sha512-/NdNZVJg+uZgtm9eS3O6lrOLYmQag2DjdEXuPaHlZ6RuVqgqaVZfgYCepEIKsLqwdQArOPtC3XzRLqGGfT8KQQ=="
    },
    "eventsource": {
      "version": "1.0.7",
      "resolved": "https://registry.npmjs.org/eventsource/-/eventsource-1.0.7.tgz",
      "integrity": "sha512-4Ln17+vVT0k8aWq+t/bF5arcS3EpT9gYtW66EPacdj/mAFevznsnyoHLPy2BA8gbIQeIHoPsvwmfBftfcG//BQ=="
    },
    "express": {
      "version": "4.16.3",
      "resolved": "https://registry.npmjs.org/express/-/express-4.16.3.tgz",
      "integrity": "sha1-avilAjUNsyRuzEvs9rWjTSL37VM=",
      "dependencies": {
        "body-parser": {
          "version": "1.18.2",
          "resolved": "https://registry.npmjs.org/body-parser/-/body-parser-1.18.2.tgz",
          "integrity": "sha1-h2eKGdhLR9hZuDGZvVm84iKxBFQ="
        },
        "iconv-lite": {
          "version": "0.4.19",
          "resolved": "https://registry.npmjs.org/iconv-lite/-/iconv-lite-0.4.19.tgz",
          "integrity": "sha512-oTZqweIP51xaGPI4uPa56/Pri/480R+mo7SeU+YETByQNhDG55ycFyNLIgta9vXhILrxXDmF7ZGhqZIcuN0gJQ=="
        },
        "qs": {
          "version": "6.5.1",
          "resolved": "https://registry.npmjs.org/qs/-/qs-6.5.1.tgz",
          "integrity": "sha512-eRzhrN1WSINYCDCbrz796z37LOe3m5tmW7RQf6oBntukAG1nmovJvhnwHHRMAfeoItc1m2Hk02WER2aQ/iqs+A=="
        },
        "raw-body": {
          "version": "2.3.2",
          "resolved": "https://registry.npmjs.org/raw-body/-/raw-body-2.3.2.tgz",
          "integrity": "sha1-vNYMd9Prk83gBQKVw/N5OJvIj4k=",
          "dependencies": {
            "depd": {
              "version": "1.1.1",
              "resolved": "https://registry.npmjs.org/depd/-/depd-1.1.1.tgz",
              "integrity": "sha1-V4O04cRZ8G+lyif5kfPQbnoxA1k="
            },
            "http-errors": {
              "version": "1.6.2",
              "resolved": "https://registry.npmjs.org/http-errors/-/http-errors-1.6.2.tgz",
              "integrity": "sha1-CgAsyFcHGSp+eUbO7cERVfYOxzY="
            },
            "setprototypeof": {
              "version": "1.0.3",
              "resolved": "https://registry.npmjs.org/setprototypeof/-/setprototypeof-1.0.3.tgz",
              "integrity": "sha1-ZlZ+NwQ+608E2RvWWMDL77VbjgQ="
            }
          }
        },
        "safe-buffer": {
          "version": "5.1.1",
          "resolved": "https://registry.npmjs.org/safe-buffer/-/safe-buffer-5.1.1.tgz",
          "integrity": "sha512-kKvNJn6Mm93gAczWVJg7wH+wGYWNrDHdWvpUmHyEsgCtIwwo3bqPtV4tR5tuPaUhTOo/kvhVwd8XwwOllGYkbg=="
        },
        "statuses": {
          "version": "1.4.0",
          "resolved": "https://registry.npmjs.org/statuses/-/statuses-1.4.0.tgz",
          "integrity": "sha512-zhSCtt8v2NDrRlPQpCNtw/heZLtfUDqxBM1udqikb/Hbk52LK4nQSwr10u77iopCW5LsyHpuXS0GnEc48mLeew=="
        }
      }
    },
    "fabric-ca-client": {
      "version": "1.3.0",
      "resolved": "https://registry.npmjs.org/fabric-ca-client/-/fabric-ca-client-1.3.0.tgz",
      "integrity": "sha512-XVSfVrLlI89/RMCFoLAWLPLC042rCtokIeYdm7TIbpAJQ8gzTsFgt8DKk9QSJPzOGy0mik7yJhSI8QbZqLLL0A==",
      "dependencies": {
        "fs-extra": {
          "version": "6.0.1",
          "resolved": "https://registry.npmjs.org/fs-extra/-/fs-extra-6.0.1.tgz",
          "integrity": "sha512-GnyIkKhhzXZUWFCaJzvyDLEEgDkPfb4/TPvJCJVuS8MWZgoSsErf++QpiAlDnKFcqhRlm+tIOcencCjyJE6ZCA=="
        },
        "long": {
          "version": "4.0.0",
          "resolved": "https://registry.npmjs.org/long/-/long-4.0.0.tgz",
          "integrity": "sha512-XsP+KhQif4bjX1kbuSiySJFNAehNxgLb6hPRGJ9QsUr8ajHkuXGdrHmFUTUUXhDwVX2R5bY4JNZEwbUiMhV+MA=="
        },
        "url": {
          "version": "0.11.0",
          "resolved": "https://registry.npmjs.org/url/-/url-0.11.0.tgz",
          "integrity": "sha1-ODjpfPxgUh63PFJajlW/3Z4uKPE="
        }
      }
    },
    "fabric-client": {
      "version": "1.3.0",
      "resolved": "https://registry.npmjs.org/fabric-client/-/fabric-client-1.3.0.tgz",
      "integrity": "sha512-0yFa8xFcMIIjxkOOoYmkNH+5MmwRyi/yNGtbbwX6IwdMfzi60lBYEQ2t4x2HisotXxv2LekaPdc4eKn1SG5MsA==",
      "dependencies": {
        "browser-stdout": {
          "version": "1.3.1",
          "resolved": "https://registry.npmjs.org/browser-stdout/-/browser-stdout-1.3.1.tgz",
          "integrity": "sha512-qhAVI1+Av2X7qelOfAIYwXONood6XlZE/fXaBSmW/T5SzLAmCgzi+eiWE7fUvbHaeNBQH13UftjpXxsfLkMpgw=="
        },
        "chai": {
          "version": "4.2.0",
          "resolved": "https://registry.npmjs.org/chai/-/chai-4.2.0.tgz",
          "integrity": "sha512-XQU3bhBukrOsQCuwZndwGcCVQHyZi53fQ6Ys1Fym7E4olpIqqZZhhoFJoaKVvV17lWQoXYwgWN2nF5crA8J2jw=="
        },
        "commander": {
          "version": "2.15.1",
          "resolved": "https://registry.npmjs.org/commander/-/commander-2.15.1.tgz",
          "integrity": "sha512-VlfT9F3V0v+jr4yxPc5gg9s62/fIVWsd2Bk2iD435um1NlGMYdVCq+MjcXnhYq2icNOizHr1kK+5TI6H0Hy0ag=="
        },
        "debug": {
          "version": "3.1.0",
          "resolved": "https://registry.npmjs.org/debug/-/debug-3.1.0.tgz",
          "integrity": "sha512-OX8XqP7/1a9cqkxYw2yXss15f26NKWBpDXQd0/uK/KPqdQhxbPa994hnzjcE2VqQpDslf55723cKPUOGSmMY3g=="
        },
        "deep-eql": {
          "version": "3.0.1",
          "resolved": "https://registry.npmjs.org/deep-eql/-/deep-eql-3.0.1.tgz",
          "integrity": "sha512-+QeIQyN5ZuO+3Uk5DYh6/1eKO0m0YmJFGNmFHGACpf1ClL1nmlV/p4gNgbl2pJGxgXb4faqo6UE+M5ACEMyVcw=="
        },
        "diff": {
          "version": "3.5.0",
          "resolved": "https://registry.npmjs.org/diff/-/diff-3.5.0.tgz",
          "integrity": "sha512-A46qtFgd+g7pDZinpnwiRJtxbC1hpgf0uzP3iG89scHk0AUC7A1TGxf5OiiOUv/JMZR8GOt8hL900hV0bOy5xA=="
        },
        "fs-extra": {
          "version": "6.0.1",
          "resolved": "https://registry.npmjs.org/fs-extra/-/fs-extra-6.0.1.tgz",
          "integrity": "sha512-GnyIkKhhzXZUWFCaJzvyDLEEgDkPfb4/TPvJCJVuS8MWZgoSsErf++QpiAlDnKFcqhRlm+tIOcencCjyJE6ZCA=="
        },
        "growl": {
          "version": "1.10.5",
          "resolved": "https://registry.npmjs.org/growl/-/growl-1.10.5.tgz",
          "integrity": "sha512-qBr4OuELkhPenW6goKVXiv47US3clb3/IbuWF9KNKEijAy9oeHxU9IgzjvJhHkUzhaj7rOUD7+YGWqUjLp5oSA=="
        },
        "grpc": {
          "version": "1.14.2",
          "resolved": "https://registry.npmjs.org/grpc/-/grpc-1.14.2.tgz",
          "integrity": "sha512-1Y4R3s8UEoMZQqytoeSalk2FFbhnTLLR8kBQNB7jn8+KfYJalYtI/IyHLg+99irFZMYGu40jtseXX2Q+CqF8nQ==",
          "dependencies": {
            "abbrev": {
              "version": "1.1.1",
              "bundled": true
            },
            "ansi-regex": {
              "version": "2.1.1",
              "bundled": true
            },
            "aproba": {
              "version": "1.2.0",
              "bundled": true
            },
            "are-we-there-yet": {
              "version": "1.1.5",
              "bundled": true
            },
            "balanced-match": {
              "version": "1.0.0",
              "bundled": true
            },
            "brace-expansion": {
              "version": "1.1.11",
              "bundled": true
            },
            "chownr": {
              "version": "1.0.1",
              "bundled": true
            },
            "code-point-at": {
              "version": "1.1.0",
              "bundled": true
            },
            "concat-map": {
              "version": "0.0.1",
              "bundled": true
            },
            "console-control-strings": {
              "version": "1.1.0",
              "bundled": true
            },
            "core-util-is": {
              "version": "1.0.2",
              "bundled": true
            },
            "debug": {
              "version": "2.6.9",
              "bundled": true
            },
            "deep-extend": {
              "version": "0.6.0",
              "bundled": true
            },
            "delegates": {
              "version": "1.0.0",
              "bundled": true
            },
            "detect-libc": {
              "version": "1.0.3",
              "bundled": true
            },
            "fs-minipass": {
              "version": "1.2.5",
              "bundled": true
            },
            "fs.realpath": {
              "version": "1.0.0",
              "bundled": true
            },
            "gauge": {
              "version": "2.7.4",
              "bundled": true
            },
            "glob": {
              "version": "7.1.3",
              "bundled": true
            },
            "has-unicode": {
              "version": "2.0.1",
              "bundled": true
            },
            "iconv-lite": {
              "version": "0.4.24",
              "bundled": true
            },
            "ignore-walk": {
              "version": "3.0.1",
              "bundled": true
            },
            "inflight": {
              "version": "1.0.6",
              "bundled": true
            },
            "inherits": {
              "version": "2.0.3",
              "bundled": true
            },
            "ini": {
              "version": "1.3.5",
              "bundled": true
            },
            "is-fullwidth-code-point": {
              "version": "1.0.0",
              "bundled": true
            },
            "isarray": {
              "version": "1.0.0",
              "bundled": true
            },
            "minimatch": {
              "version": "3.0.4",
              "bundled": true
            },
            "minimist": {
              "version": "1.2.0",
              "bundled": true
            },
            "minipass": {
              "version": "2.3.4",
              "bundled": true
            },
            "minizlib": {
              "version": "1.1.0",
              "bundled": true
            },
            "mkdirp": {
              "version": "0.5.1",
              "bundled": true,
              "dependencies": {
                "minimist": {
                  "version": "0.0.8",
                  "bundled": true
                }
              }
            },
            "ms": {
              "version": "2.0.0",
              "bundled": true
            },
            "needle": {
              "version": "2.2.2",
              "bundled": true
            },
            "node-pre-gyp": {
              "version": "0.10.3",
              "bundled": true
            },
            "nopt": {
              "version": "4.0.1",
              "bundled": true
            },
            "npm-bundled": {
              "version": "1.0.5",
              "bundled": true
            },
            "npm-packlist": {
              "version": "1.1.11",
              "bundled": true
            },
            "npmlog": {
              "version": "4.1.2",
              "bundled": true
            },
            "number-is-nan": {
              "version": "1.0.1",
              "bundled": true
            },
            "object-assign": {
              "version": "4.1.1",
              "bundled": true
            },
            "once": {
              "version": "1.4.0",
              "bundled": true
            },
            "os-homedir": {
              "version": "1.0.2",
              "bundled": true
            },
            "os-tmpdir": {
              "version": "1.0.2",
              "bundled": true
            },
            "osenv": {
              "version": "0.1.5",
              "bundled": true
            },
            "path-is-absolute": {
              "version": "1.0.1",
              "bundled": true
            },
            "process-nextick-args": {
              "version": "2.0.0",
              "bundled": true
            },
            "rc": {
              "version": "1.2.8",
              "bundled": true
            },
            "readable-stream": {
              "version": "2.3.6",
              "bundled": true
            },
            "rimraf": {
              "version": "2.6.2",
              "bundled": true
            },
            "safe-buffer": {
              "version": "5.1.2",
              "bundled": true
            },
            "safer-buffer": {
              "version": "2.1.2",
              "bundled": true
            },
            "sax": {
              "version": "1.2.4",
              "bundled": true
            },
            "semver": {
              "version": "5.5.1",
              "bundled": true
            },
            "set-blocking": {
              "version": "2.0.0",
              "bundled": true
            },
            "signal-exit": {
              "version": "3.0.2",
              "bundled": true
            },
            "string-width": {
              "version": "1.0.2",
              "bundled": true
            },
            "string_decoder": {
              "version": "1.1.1",
              "bundled": true
            },
            "strip-ansi": {
              "version": "3.0.1",
              "bundled": true
            },
            "strip-json-comments": {
              "version": "2.0.1",
              "bundled": true
            },
            "tar": {
              "version": "4.4.6",
              "bundled": true
            },
            "util-deprecate": {
              "version": "1.0.2",
              "bundled": true
            },
            "wide-align": {
              "version": "1.1.3",
              "bundled": true
            },
            "wrappy": {
              "version": "1.0.2",
              "bundled": true
            },
            "yallist": {
              "version": "3.0.2",
              "bundled": true
            }
          }
        },
        "has-flag": {
          "version": "3.0.0",
          "resolved": "https://registry.npmjs.org/has-flag/-/has-flag-3.0.0.tgz",
          "integrity": "sha1-tdRU3CGZriJWmfNGfloH87lVuv0="
        },
        "long": {
          "version": "4.0.0",
          "resolved": "https://registry.npmjs.org/long/-/long-4.0.0.tgz",
          "integrity": "sha512-XsP+KhQif4bjX1kbuSiySJFNAehNxgLb6hPRGJ9QsUr8ajHkuXGdrHmFUTUUXhDwVX2R5bY4JNZEwbUiMhV+MA=="
        },
        "mocha": {
          "version": "5.2.0",
          "resolved": "https://registry.npmjs.org/mocha/-/mocha-5.2.0.tgz",
          "integrity": "sha512-2IUgKDhc3J7Uug+FxMXuqIyYzH7gJjXECKe/w43IGgQHTSj3InJi+yAA7T24L9bQMRKiUEHxEX37G5JpVUGLcQ=="
        },
        "supports-color": {
          "version": "5.4.0",
          "resolved": "https://registry.npmjs.org/supports-color/-/supports-color-5.4.0.tgz",
          "integrity": "sha512-zjaXglF5nnWpsq470jSv6P9DwPvgLkuapYmfDm3JWOm0vkNTVF2tI4UrN2r6jH1qM/uc/WtxYY1hYoA2dOKj5w=="
        },
        "type-detect": {
          "version": "4.0.8",
          "resolved": "https://registry.npmjs.org/type-detect/-/type-detect-4.0.8.tgz",
          "integrity": "sha512-0fr/mIH1dlO+x7TlcMy+bIDqKPsw/70tVyeHW787goQjhmqaZe10uwLujubK9q9Lg6Fiho1KUKDYz0Z7k7g5/g=="
        },
        "url": {
          "version": "0.11.0",
          "resolved": "https://registry.npmjs.org/url/-/url-0.11.0.tgz",
          "integrity": "sha1-ODjpfPxgUh63PFJajlW/3Z4uKPE="
        }
      }
    },
    "fs-extra": {
      "version": "4.0.3",
      "resolved": "https://registry.npmjs.org/fs-extra/-/fs-extra-4.0.3.tgz",
      "integrity": "sha512-q6rbdDd1o2mAnQreO7YADIxf/Whx4AHBiRf6d+/cVT8h44ss+lHgxf1FemcqDnQt9X3ct4McHr+JMGlYSsK7Cg==",
      "dependencies": {
        "jsonfile": {
          "version": "4.0.0",
          "resolved": "https://registry.npmjs.org/jsonfile/-/jsonfile-4.0.0.tgz",
          "integrity": "sha1-h3Gq4HmbZAdrdmQPygWPnBDjPss="
        }
      }
    },
    "grpc": {
      "version": "1.11.3",
      "resolved": "https://registry.npmjs.org/grpc/-/grpc-1.11.3.tgz",
      "integrity": "sha512-7fJ40USpnP7hxGK0uRoEhJz6unA5VUdwInfwAY2rK2+OVxdDJSdTZQ/8/M+1tW68pHZYgHvg2ohvJ+clhW3ANg==",
      "dependencies": {
        "abbrev": {
          "version": "1.1.1",
          "bundled": true
        },
        "ansi-regex": {
          "version": "2.1.1",
          "bundled": true
        },
        "aproba": {
          "version": "1.2.0",
          "bundled": true
        },
        "are-we-there-yet": {
          "version": "1.1.4",
          "bundled": true
        },
        "balanced-match": {
          "version": "1.0.0",
          "bundled": true
        },
        "brace-expansion": {
          "version": "1.1.11",
          "bundled": true
        },
        "chownr": {
          "version": "1.0.1",
          "bundled": true
        },
        "code-point-at": {
          "version": "1.1.0",
          "bundled": true
        },
        "concat-map": {
          "version": "0.0.1",
          "bundled": true
        },
        "console-control-strings": {
          "version": "1.1.0",
          "bundled": true
        },
        "core-util-is": {
          "version": "1.0.2",
          "bundled": true
        },
        "debug": {
          "version": "2.6.9",
          "bundled": true
        },
        "deep-extend": {
          "version": "0.5.1",
          "bundled": true
        },
        "delegates": {
          "version": "1.0.0",
          "bundled": true
        },
        "detect-libc": {
          "version": "1.0.3",
          "bundled": true
        },
        "fs-minipass": {
          "version": "1.2.5",
          "bundled": true
        },
        "fs.realpath": {
          "version": "1.0.0",
          "bundled": true
        },
        "gauge": {
          "version": "2.7.4",
          "bundled": true
        },
        "glob": {
          "version": "7.1.2",
          "bundled": true
        },
        "has-unicode": {
          "version": "2.0.1",
          "bundled": true
        },
        "iconv-lite": {
          "version": "0.4.19",
          "bundled": true
        },
        "ignore-walk": {
          "version": "3.0.1",
          "bundled": true
        },
        "inflight": {
          "version": "1.0.6",
          "bundled": true
        },
        "inherits": {
          "version": "2.0.3",
          "bundled": true
        },
        "ini": {
          "version": "1.3.5",
          "bundled": true
        },
        "is-fullwidth-code-point": {
          "version": "1.0.0",
          "bundled": true
        },
        "isarray": {
          "version": "1.0.0",
          "bundled": true
        },
        "minimatch": {
          "version": "3.0.4",
          "bundled": true
        },
        "minimist": {
          "version": "1.2.0",
          "bundled": true
        },
        "minipass": {
          "version": "2.2.4",
          "bundled": true
        },
        "minizlib": {
          "version": "1.1.0",
          "bundled": true
        },
        "mkdirp": {
          "version": "0.5.1",
          "bundled": true,
          "dependencies": {
            "minimist": {
              "version": "0.0.8",
              "bundled": true
            }
          }
        },
        "ms": {
          "version": "2.0.0",
          "bundled": true
        },
        "needle": {
          "version": "2.2.1",
          "bundled": true
        },
        "node-pre-gyp": {
          "version": "0.10.0",
          "bundled": true
        },
        "nopt": {
          "version": "4.0.1",
          "bundled": true
        },
        "npm-bundled": {
          "version": "1.0.3",
          "bundled": true
        },
        "npm-packlist": {
          "version": "1.1.10",
          "bundled": true
        },
        "npmlog": {
          "version": "4.1.2",
          "bundled": true
        },
        "number-is-nan": {
          "version": "1.0.1",
          "bundled": true
        },
        "object-assign": {
          "version": "4.1.1",
          "bundled": true
        },
        "once": {
          "version": "1.4.0",
          "bundled": true
        },
        "os-homedir": {
          "version": "1.0.2",
          "bundled": true
        },
        "os-tmpdir": {
          "version": "1.0.2",
          "bundled": true
        },
        "osenv": {
          "version": "0.1.5",
          "bundled": true
        },
        "path-is-absolute": {
          "version": "1.0.1",
          "bundled": true
        },
        "process-nextick-args": {
          "version": "2.0.0",
          "bundled": true
        },
        "rc": {
          "version": "1.2.7",
          "bundled": true
        },
        "readable-stream": {
          "version": "2.3.6",
          "bundled": true
        },
        "rimraf": {
          "version": "2.6.2",
          "bundled": true
        },
        "safe-buffer": {
          "version": "5.1.1",
          "bundled": true
        },
        "sax": {
          "version": "1.2.4",
          "bundled": true
        },
        "semver": {
          "version": "5.5.0",
          "bundled": true
        },
        "set-blocking": {
          "version": "2.0.0",
          "bundled": true
        },
        "signal-exit": {
          "version": "3.0.2",
          "bundled": true
        },
        "string-width": {
          "version": "1.0.2",
          "bundled": true
        },
        "string_decoder": {
          "version": "1.1.1",
          "bundled": true
        },
        "strip-ansi": {
          "version": "3.0.1",
          "bundled": true
        },
        "strip-json-comments": {
          "version": "2.0.1",
          "bundled": true
        },
        "tar": {
          "version": "4.4.2",
          "bundled": true,
          "dependencies": {
            "safe-buffer": {
              "version": "5.1.2",
              "bundled": true
            }
          }
        },
        "util-deprecate": {
          "version": "1.0.2",
          "bundled": true
        },
        "wide-align": {
          "version": "1.1.2",
          "bundled": true
        },
        "wrappy": {
          "version": "1.0.2",
          "bundled": true
        },
        "yallist": {
          "version": "3.0.2",
          "bundled": true
        }
      }
    },
    "ini": {
      "version": "1.3.5",
      "resolved": "https://registry.npmjs.org/ini/-/ini-1.3.5.tgz",
      "integrity": "sha512-RZY5huIKCMRWDUqZlEi72f/lmXKMvuszcMBduliQ3nnWbx9X/ZBQO7DijMEYS9EhHBb2qacRUMtC7svLwe0lcw==",
      "optional": true
    },
    "jsonwebtoken": {
      "version": "8.2.2",
      "resolved": "https://registry.npmjs.org/jsonwebtoken/-/jsonwebtoken-8.2.2.tgz",
      "integrity": "sha512-rFFq7ow/JpPzwgaz4IyRL9cp7f4ptjW92eZgsQyqkysLBmDjSSBhnKfQESoq0GU+qJXK/CQ0o4shgwbUPiFCdw==",
      "dependencies": {
        "ms": {
          "version": "2.1.1",
          "resolved": "https://registry.npmjs.org/ms/-/ms-2.1.1.tgz",
          "integrity": "sha512-tgp+dl5cGk28utYktBsrFqA7HKgrhgPsg6Z/EfhWI4gl1Hwq8B/GmY/0oXZ6nF8hDVesS/FpnYaD/kOWhYQvyg=="
        }
      }
    },
    "mocha": {
      "version": "3.5.3",
      "resolved": "https://registry.npmjs.org/mocha/-/mocha-3.5.3.tgz",
      "integrity": "sha512-/6na001MJWEtYxHOV1WLfsmR4YIynkUEhBwzsb+fk2qmQ3iqsi258l/Q2MWHJMImAcNpZ8DEdYAK72NHoIQ9Eg==",
      "dev": true,
      "dependencies": {
        "debug": {
          "version": "2.6.8",
          "resolved": "https://registry.npmjs.org/debug/-/debug-2.6.8.tgz",
          "integrity": "sha1-5zFTHKLt4n0YgiJCfaF4IdaP9Pw="
        },
        "glob": {
          "version": "7.1.1",
          "resolved": "https://registry.npmjs.org/glob/-/glob-7.1.1.tgz",
          "integrity": "sha1-gFIR3wT6rxxjo2ADBs31reULLsg="
        }
      }
    },
    "mock-env": {
      "version": "0.1.3",
      "resolved": "https://registry.npmjs.org/mock-env/-/mock-env-0.1.3.tgz",
      "integrity": "sha1-lCfObHINqbVfu7XdeqsmXe9FKR8=",
      "dev": true
    },
    "morgan": {
      "version": "1.9.1",
      "resolved": "https://registry.npmjs.org/morgan/-/morgan-1.9.1.tgz",
      "integrity": "sha512-HQStPIV4y3afTiCYVxirakhlCfGkI161c76kKFca7Fk1JusM//Qeo1ej2XaMniiNeaZklMVrh3vTtIzpzwbpmA=="
    },
    "multer": {
      "version": "1.3.0",
      "resolved": "https://registry.npmjs.org/multer/-/multer-1.3.0.tgz",
      "integrity": "sha1-CSsmcPaEb6SRSWXvyM+Uwg/sbNI=",
      "dependencies": {
        "object-assign": {
          "version": "3.0.0",
          "resolved": "https://registry.npmjs.org/object-assign/-/object-assign-3.0.0.tgz",
          "integrity": "sha1-m+3VygiXlJvKR+f/QIBi1Un1h/I="
        }
      }
    },
    "node-gyp-build": {
      "version": "4.2.3",
      "resolved": "https://registry.npmjs.org/node-gyp-build/-/node-gyp-build-4.2.3.tgz",
      "integrity": "sha512-MN6ZpzmfNCRM+3t57PTJHgHyw/h4OWnZ6mR8P5j/uZtqQr46RRuDE/P+g3n0YR/AiYXeWixZZzaip77gdICfRg==",
      "optional": true
    },
    "node-rsa": {
      "version": "1.0.1",
      "resolved": "https://registry.npmjs.org/node-rsa/-/node-rsa-1.0.1.tgz",
      "integrity": "sha512-8iKs0HgkufO4Qb1iUJChh7Dg8HcSDVD37p3yu1tAhYa+/n2CwG9/d3qE+h6OHAIsfkXHEYYgbf4c7NfoMKayng=="
    },
    "prompt": {
      "version": "1.0.0",
      "resolved": "https://registry.npmjs.org/prompt/-/prompt-1.0.0.tgz",
      "integrity": "sha1-jlcSPDlquYiJf7Mn/Trtw+c15P4=",
      "dev": true,
      "dependencies": {
        "async": {
          "version": "1.0.0",
          "resolved": "https://registry.npmjs.org/async/-/async-1.0.0.tgz",
          "integrity": "sha1-+PwEyjoTeErenhZBr5hXjPvWR6k="
        },
        "colors": {
          "version": "1.2.5",
          "resolved": "https://registry.npmjs.org/colors/-/colors-1.2.5.tgz",
          "integrity": "sha512-erNRLao/Y3Fv54qUa0LBB+//Uf3YwMUmdJinN20yMXm9zdKKqH9wt7R9IIVZ+K7ShzfpLV/Zg8+VyrBJYB4lpg=="
        },
        "winston": {
          "version": "2.1.1",
          "resolved": "https://registry.npmjs.org/winston/-/winston-2.1.1.tgz",
          "integrity": "sha1-PJNJ0ZYgf9G9/51LxD73JRDjoS4=",
          "dependencies": {
            "colors": {
              "version": "1.0.3",
              "resolved": "https://registry.npmjs.org/colors/-/colors-1.0.3.tgz",
              "integrity": "sha1-BDP0TYCWgP3rYO0mDxsMJi6CpAs="
            },
            "pkginfo": {
              "version": "0.3.1",
              "resolved": "https://registry.npmjs.org/pkginfo/-/pkginfo-0.3.1.tgz",
              "integrity": "sha1-Wyn2qB9wcXFC4J52W76rl7T4HiE="
            }
          }
        }
      }
    },
    "randombytes": {
      "version": "2.1.0",
      "resolved": "https://registry.npmjs.org/randombytes/-/randombytes-2.1.0.tgz",
      "integrity": "sha512-vYl3iOX+4CKUWuxGi9Ukhie6fsqXqS9FE2Zaic4tNFD2N2QQaXOMFbuKK4QmDHC0JO6B1Zp41J0LpT0oR68amQ==",
      "requires": {
        "safe-buffer": "^5.1.0"
      }
    },
    "request": {
      "version": "2.86.0",
      "resolved": "https://registry.npmjs.org/request/-/request-2.86.0.tgz",
      "integrity": "sha512-BQZih67o9r+Ys94tcIW4S7Uu8pthjrQVxhsZ/weOwHbDfACxvIyvnAbzFQxjy1jMtvFSzv5zf4my6cZsJBbVzw=="
    },
    "safe-buffer": {
      "version": "5.1.2",
      "resolved": "https://registry.npmjs.org/safe-buffer/-/safe-buffer-5.1.2.tgz",
      "integrity": "sha512-Gd2UZBJDkXlY7GbJxfsE8/nvKkUEU1G38c1siN6QP6a9PT9MmHB8GnpscSmMJSoF8LOIrt8ud/wPtojys4G6+g=="
    },
    "sha.js": {
      "version": "2.4.11",
      "resolved": "https://registry.npmjs.org/sha.js/-/sha.js-2.4.11.tgz",
      "integrity": "sha512-QMEp5B7cftE7APOjk5Y6xgrbWu+WkLVQwk8JNjZ8nKRciZaByEW6MubieAiToS7+dwvrjGhH8jRXz3MVd0AYqQ=="
    },
    "sodium-native": {
      "version": "2.4.9",
      "resolved": "https://registry.npmjs.org/sodium-native/-/sodium-native-2.4.9.tgz",
      "integrity": "sha512-mbkiyA2clyfwAyOFIzMvsV6ny2KrKEIhFVASJxWfsmgfUEymgLIS2MLHHcGIQMkrcKhPErRaMR5Dzv0EEn+BWg==",
      "optional": true,
      "requires": {
        "ini": "^1.3.5",
        "nan": "^2.14.0",
        "node-gyp-build": "^4.1.0"
      },
      "dependencies": {
        "nan": {
          "version": "2.14.2",
          "resolved": "https://registry.npmjs.org/nan/-/nan-2.14.2.tgz",
          "integrity": "sha512-M2ufzIiINKCuDfBSAUr1vWQ+vuVcA9kqx8JJUsbQi6yf1uGRyb7HfpdfUr5qLXf3B/t8dPvcjhKMmlfnP47EzQ==",
          "optional": true
        }
      }
    },
    "sql-template-strings": {
      "version": "2.2.2",
      "resolved": "https://registry.npmjs.org/sql-template-strings/-/sql-template-strings-2.2.2.tgz",
      "integrity": "sha1-PxFQiiWt384hejBCqdMAwxk7lv8="
    },
    "sqlite": {
      "version": "3.0.0",
      "resolved": "https://registry.npmjs.org/sqlite/-/sqlite-3.0.0.tgz",
      "integrity": "sha512-bGCCf43nnIcVHRXuQfSv0C9khuKvHGlbzzL0dFeXgnsjRS1Vqjs0yUaLPf3Qt+0j0AKUggEmBumGNDNOl4feig=="
    },
    "stellar-sdk": {
      "version": "8.2.3",
      "resolved": "https://registry.npmjs.org/stellar-sdk/-/stellar-sdk-8.2.3.tgz",
      "integrity": "sha512-RlrR6DD+706vgA1iVDXteU/x3bdqFDthf+4M3C19D/owmF0GCR/FoRQpnPqqRJ0C/rbbdZ6YjAyKO6Q0GSbDWw==",
      "requires": {
        "@types/eventsource": "^1.1.2",
        "@types/node": ">= 8",
        "@types/randombytes": "^2.0.0",
        "@types/urijs": "^1.19.6",
        "axios": "0.21.1",
        "bignumber.js": "^4.0.0",
        "detect-node": "^2.0.4",
        "es6-promise": "^4.2.4",
        "eventsource": "^1.0.7",
        "lodash": "^4.17.11",
        "randombytes": "^2.1.0",
        "stellar-base": "^5.2.1",
        "toml": "^2.3.0",
        "tslib": "^1.10.0",
        "urijs": "^1.19.1",
        "utility-types": "^3.7.0"
      },
      "dependencies": {
        "axios": {
          "version": "0.21.1",
          "resolved": "https://registry.npmjs.org/axios/-/axios-0.21.1.tgz",
          "integrity": "sha512-dKQiRHxGD9PPRIUNIWvZhPTPpl1rf/OxTYKsqKUDjBwYylTvV7SjSHJb9ratfyzM6wCdLCOYLzs73qpg5c4iGA==",
          "requires": {
            "follow-redirects": "^1.10.0"
          }
        },
        "follow-redirects": {
          "version": "1.14.1",
          "resolved": "https://registry.npmjs.org/follow-redirects/-/follow-redirects-1.14.1.tgz",
          "integrity": "sha512-HWqDgT7ZEkqRzBvc2s64vSZ/hfOceEol3ac/7tKwzuvEyWx3/4UegXh5oBOIotkGsObyk3xznnSRVADBgWSQVg=="
        },
        "js-xdr": {
          "version": "1.3.0",
          "resolved": "https://registry.npmjs.org/js-xdr/-/js-xdr-1.3.0.tgz",
          "integrity": "sha512-fjLTm2uBtFvWsE3l2J14VjTuuB8vJfeTtYuNS7LiLHDWIX2kt0l1pqq9334F8kODUkKPMuULjEcbGbkFFwhx5g==",
          "requires": {
            "lodash": "^4.17.5",
            "long": "^2.2.3"
          }
        },
        "lodash": {
          "version": "4.17.21",
          "resolved": "https://registry.npmjs.org/lodash/-/lodash-4.17.21.tgz",
          "integrity": "sha512-v2kDEe57lecTulaDIuNTPy3Ry4gLGJ6Z1O3vE1krgXZNrsQ+LFTGHVxVjcXPs17LhbZVGedAJv8XZ1tvj5FvSg=="
        },
        "long": {
          "version": "2.4.0",
          "resolved": "https://registry.npmjs.org/long/-/long-2.4.0.tgz",
          "integrity": "sha1-n6GAux2VAM3CnEFWdmoZleH0Uk8="
        },
        "stellar-base": {
          "version": "5.3.0",
          "resolved": "https://registry.npmjs.org/stellar-base/-/stellar-base-5.3.0.tgz",
          "integrity": "sha512-8LCOX/D/Zp5DBhcTwXQSh9v25sHivkCJc+FSPncqhvMYgvQQg8w+2kj9hCFg1SAxkLJOjSpfzObrUaTl+CFFjw==",
          "requires": {
            "base32.js": "^0.1.0",
            "bignumber.js": "^4.0.0",
            "crc": "^3.5.0",
            "js-xdr": "^1.1.3",
            "lodash": "^4.17.11",
            "sha.js": "^2.3.6",
            "sodium-native": "^2.3.0",
            "tweetnacl": "^1.0.0"
          }
        },
        "tweetnacl": {
          "version": "1.0.3",
          "resolved": "https://registry.npmjs.org/tweetnacl/-/tweetnacl-1.0.3.tgz",
          "integrity": "sha512-6rt+RN7aOi1nGMyC4Xa5DdYiukl2UWCbcJft7YhxReBGQD7OAM8Pbxw6YMo4r2diNEA8FEmu32YOn9rhaiE5yw=="
        }
      }
    },
    "supertest": {
      "version": "3.1.0",
      "resolved": "https://registry.npmjs.org/supertest/-/supertest-3.1.0.tgz",
      "integrity": "sha512-O44AMnmJqx294uJQjfUmEyYOg7d9mylNFsMw/Wkz4evKd1njyPrtCN+U6ZIC7sKtfEVQhfTqFFijlXx8KP/Czw==",
      "dev": true
    },
    "swagger-test-templates": {
      "version": "1.5.1",
      "resolved": "https://registry.npmjs.org/swagger-test-templates/-/swagger-test-templates-1.5.1.tgz",
      "integrity": "sha512-p5EotTsyVunfNGvIr07r33Tij5p4r1aUv7QFvYYW3iO6pEUo2OXxINufkx8jBjD4/4hvP2ZlCjgLDexT2ClnGw==",
      "dev": true,
      "dependencies": {
        "lodash": {
          "version": "3.10.1",
          "resolved": "https://registry.npmjs.org/lodash/-/lodash-3.10.1.tgz",
          "integrity": "sha1-W/Rejkm6QYnhfUgnid/RW9FAt7Y="
        }
      }
    },
    "swagger-ui-express": {
      "version": "3.0.9",
      "resolved": "https://registry.npmjs.org/swagger-ui-express/-/swagger-ui-express-3.0.9.tgz",
      "integrity": "sha1-6SqsKdtjjEMX4thy7yFfMwppP1c="
    },
    "swagmock": {
      "version": "1.0.0",
      "resolved": "https://registry.npmjs.org/swagmock/-/swagmock-1.0.0.tgz",
      "integrity": "sha1-NMybzhqtei/QNeynVoZbMT5GrsA=",
      "dev": true
    },
    "toml": {
      "version": "2.3.6",
      "resolved": "https://registry.npmjs.org/toml/-/toml-2.3.6.tgz",
      "integrity": "sha512-gVweAectJU3ebq//Ferr2JUY4WKSDe5N+z0FvjDncLGyHmIDoxgY/2Ie4qfEIDm4IS7OA6Rmdm7pdEEdMcV/xQ=="
    },
    "tslib": {
      "version": "1.14.1",
      "resolved": "https://registry.npmjs.org/tslib/-/tslib-1.14.1.tgz",
      "integrity": "sha512-Xni35NKzjgMrwevysHTCArtLDpPvye8zV/0E4EyYn43P7/7qvQwPh9BGkHewbMulVntbigmcT7rdX3BNo9wRJg=="
    },
    "urijs": {
      "version": "1.19.1",
      "resolved": "https://registry.npmjs.org/urijs/-/urijs-1.19.1.tgz",
      "integrity": "sha512-xVrGVi94ueCJNrBSTjWqjvtgvl3cyOTThp2zaMaFNGp3F542TR6sM3f2o8RqZl+AwteClSVmoCyt0ka4RjQOQg=="
    },
    "utility-types": {
      "version": "3.10.0",
      "resolved": "https://registry.npmjs.org/utility-types/-/utility-types-3.10.0.tgz",
      "integrity": "sha512-O11mqxmi7wMKCo6HKFt5AhO4BwY3VV68YU07tgxfz8zJTIxr4BpsezN49Ffwy9j3ZpwwJp4fkRwjRzq3uWE6Rg=="
    },
    "winston": {
      "version": "2.4.2",
      "resolved": "https://registry.npmjs.org/winston/-/winston-2.4.2.tgz",
      "integrity": "sha512-4S/Ad4ZfSNl8OccCLxnJmNISWcm2joa6Q0YGDxlxMzH0fgSwWsjMt+SmlNwCqdpaPg3ev1HKkMBsIiXeSUwpbA==",
      "dependencies": {
        "async": {
          "version": "1.0.0",
          "resolved": "https://registry.npmjs.org/async/-/async-1.0.0.tgz",
          "integrity": "sha1-+PwEyjoTeErenhZBr5hXjPvWR6k="
        }
      }
    }
  }
}
